// !$*UTF8*$!
{
	archiveVersion = 1;
	classes = {
	};
	objectVersion = 50;
	objects = {

/* Begin PBXBuildFile section */
		97164C67237ACAF100FE8816 /* AppDelegate.swift in Sources */ = {isa = PBXBuildFile; fileRef = 97164C66237ACAF100FE8816 /* AppDelegate.swift */; };
		97164C69237ACAF100FE8816 /* SceneDelegate.swift in Sources */ = {isa = PBXBuildFile; fileRef = 97164C68237ACAF100FE8816 /* SceneDelegate.swift */; };
		97164C6E237ACAF100FE8816 /* Main.storyboard in Resources */ = {isa = PBXBuildFile; fileRef = 97164C6C237ACAF100FE8816 /* Main.storyboard */; };
		97164C70237ACAF300FE8816 /* Assets.xcassets in Resources */ = {isa = PBXBuildFile; fileRef = 97164C6F237ACAF300FE8816 /* Assets.xcassets */; };
		97164C73237ACAF300FE8816 /* LaunchScreen.storyboard in Resources */ = {isa = PBXBuildFile; fileRef = 97164C71237ACAF300FE8816 /* LaunchScreen.storyboard */; };
		97164C83237AD17500FE8816 /* DetailViewController.swift in Sources */ = {isa = PBXBuildFile; fileRef = 97164C82237AD17500FE8816 /* DetailViewController.swift */; };
		97164C85237AD19600FE8816 /* MovieListTableViewController.swift in Sources */ = {isa = PBXBuildFile; fileRef = 97164C84237AD19600FE8816 /* MovieListTableViewController.swift */; };
/* End PBXBuildFile section */

/* Begin PBXFileReference section */
		97164C63237ACAF100FE8816 /* MovieList.app */ = {isa = PBXFileReference; explicitFileType = wrapper.application; includeInIndex = 0; path = MovieList.app; sourceTree = BUILT_PRODUCTS_DIR; };
		97164C66237ACAF100FE8816 /* AppDelegate.swift */ = {isa = PBXFileReference; lastKnownFileType = sourcecode.swift; path = AppDelegate.swift; sourceTree = "<group>"; };
		97164C68237ACAF100FE8816 /* SceneDelegate.swift */ = {isa = PBXFileReference; lastKnownFileType = sourcecode.swift; path = SceneDelegate.swift; sourceTree = "<group>"; };
		97164C6D237ACAF100FE8816 /* Base */ = {isa = PBXFileReference; lastKnownFileType = file.storyboard; name = Base; path = Base.lproj/Main.storyboard; sourceTree = "<group>"; };
		97164C6F237ACAF300FE8816 /* Assets.xcassets */ = {isa = PBXFileReference; lastKnownFileType = folder.assetcatalog; path = Assets.xcassets; sourceTree = "<group>"; };
		97164C72237ACAF300FE8816 /* Base */ = {isa = PBXFileReference; lastKnownFileType = file.storyboard; name = Base; path = Base.lproj/LaunchScreen.storyboard; sourceTree = "<group>"; };
		97164C74237ACAF300FE8816 /* Info.plist */ = {isa = PBXFileReference; lastKnownFileType = text.plist.xml; path = Info.plist; sourceTree = "<group>"; };
		97164C82237AD17500FE8816 /* DetailViewController.swift */ = {isa = PBXFileReference; lastKnownFileType = sourcecode.swift; path = DetailViewController.swift; sourceTree = "<group>"; };
		97164C84237AD19600FE8816 /* MovieListTableViewController.swift */ = {isa = PBXFileReference; lastKnownFileType = sourcecode.swift; path = MovieListTableViewController.swift; sourceTree = "<group>"; };
/* End PBXFileReference section */

/* Begin PBXFrameworksBuildPhase section */
		97164C60237ACAF100FE8816 /* Frameworks */ = {
			isa = PBXFrameworksBuildPhase;
			buildActionMask = 2147483647;
			files = (
			);
			runOnlyForDeploymentPostprocessing = 0;
		};
/* End PBXFrameworksBuildPhase section */

/* Begin PBXGroup section */
		97164C5A237ACAF100FE8816 = {
			isa = PBXGroup;
			children = (
				97164C65237ACAF100FE8816 /* MovieList */,
				97164C64237ACAF100FE8816 /* Products */,
			);
			sourceTree = "<group>";
		};
		97164C64237ACAF100FE8816 /* Products */ = {
			isa = PBXGroup;
			children = (
				97164C63237ACAF100FE8816 /* MovieList.app */,
			);
			name = Products;
			sourceTree = "<group>";
		};
		97164C65237ACAF100FE8816 /* MovieList */ = {
			isa = PBXGroup;
			children = (
				97164C7A237ACB1700FE8816 /* AppDelegate */,
				97164C7E237ACB6500FE8816 /* Models */,
				97164C7D237ACB4200FE8816 /* Views */,
				97164C7B237ACB2600FE8816 /* Controllers */,
				97164C7F237ACB8300FE8816 /* DataManagers */,
				97164C6F237ACAF300FE8816 /* Assets.xcassets */,
				97164C74237ACAF300FE8816 /* Info.plist */,
			);
			path = MovieList;
			sourceTree = "<group>";
		};
		97164C7A237ACB1700FE8816 /* AppDelegate */ = {
			isa = PBXGroup;
			children = (
				97164C66237ACAF100FE8816 /* AppDelegate.swift */,
				97164C68237ACAF100FE8816 /* SceneDelegate.swift */,
			);
			path = AppDelegate;
			sourceTree = "<group>";
		};
		97164C7B237ACB2600FE8816 /* Controllers */ = {
			isa = PBXGroup;
			children = (
				97164C82237AD17500FE8816 /* DetailViewController.swift */,
				97164C84237AD19600FE8816 /* MovieListTableViewController.swift */,
			);
			path = Controllers;
			sourceTree = "<group>";
		};
		97164C7D237ACB4200FE8816 /* Views */ = {
			isa = PBXGroup;
			children = (
				97164C6C237ACAF100FE8816 /* Main.storyboard */,
				97164C71237ACAF300FE8816 /* LaunchScreen.storyboard */,
			);
			path = Views;
			sourceTree = "<group>";
		};
		97164C7E237ACB6500FE8816 /* Models */ = {
			isa = PBXGroup;
			children = (
			);
			path = Models;
			sourceTree = "<group>";
		};
		97164C7F237ACB8300FE8816 /* DataManagers */ = {
			isa = PBXGroup;
			children = (
			);
			path = DataManagers;
			sourceTree = "<group>";
		};
/* End PBXGroup section */

/* Begin PBXNativeTarget section */
		97164C62237ACAF100FE8816 /* MovieList */ = {
			isa = PBXNativeTarget;
			buildConfigurationList = 97164C77237ACAF300FE8816 /* Build configuration list for PBXNativeTarget "MovieList" */;
			buildPhases = (
				97164C5F237ACAF100FE8816 /* Sources */,
				97164C60237ACAF100FE8816 /* Frameworks */,
				97164C61237ACAF100FE8816 /* Resources */,
			);
			buildRules = (
			);
			dependencies = (
			);
			name = MovieList;
			productName = MovieList;
			productReference = 97164C63237ACAF100FE8816 /* MovieList.app */;
			productType = "com.apple.product-type.application";
		};
/* End PBXNativeTarget section */

/* Begin PBXProject section */
		97164C5B237ACAF100FE8816 /* Project object */ = {
			isa = PBXProject;
			attributes = {
				LastSwiftUpdateCheck = 1120;
				LastUpgradeCheck = 1120;
				ORGANIZATIONNAME = "Didzis Tupureins";
				TargetAttributes = {
					97164C62237ACAF100FE8816 = {
						CreatedOnToolsVersion = 11.2;
					};
				};
			};
			buildConfigurationList = 97164C5E237ACAF100FE8816 /* Build configuration list for PBXProject "MovieList" */;
			compatibilityVersion = "Xcode 9.3";
			developmentRegion = en;
			hasScannedForEncodings = 0;
			knownRegions = (
				en,
				Base,
			);
			mainGroup = 97164C5A237ACAF100FE8816;
			productRefGroup = 97164C64237ACAF100FE8816 /* Products */;
			projectDirPath = "";
			projectRoot = "";
			targets = (
				97164C62237ACAF100FE8816 /* MovieList */,
			);
		};
/* End PBXProject section */

/* Begin PBXResourcesBuildPhase section */
		97164C61237ACAF100FE8816 /* Resources */ = {
			isa = PBXResourcesBuildPhase;
			buildActionMask = 2147483647;
			files = (
				97164C73237ACAF300FE8816 /* LaunchScreen.storyboard in Resources */,
				97164C70237ACAF300FE8816 /* Assets.xcassets in Resources */,
				97164C6E237ACAF100FE8816 /* Main.storyboard in Resources */,
			);
			runOnlyForDeploymentPostprocessing = 0;
		};
/* End PBXResourcesBuildPhase section */

/* Begin PBXSourcesBuildPhase section */
		97164C5F237ACAF100FE8816 /* Sources */ = {
			isa = PBXSourcesBuildPhase;
			buildActionMask = 2147483647;
			files = (
				97164C85237AD19600FE8816 /* MovieListTableViewController.swift in Sources */,
				97164C83237AD17500FE8816 /* DetailViewController.swift in Sources */,
				97164C67237ACAF100FE8816 /* AppDelegate.swift in Sources */,
				97164C69237ACAF100FE8816 /* SceneDelegate.swift in Sources */,
			);
			runOnlyForDeploymentPostprocessing = 0;
		};
/* End PBXSourcesBuildPhase section */

/* Begin PBXVariantGroup section */
		97164C6C237ACAF100FE8816 /* Main.storyboard */ = {
			isa = PBXVariantGroup;
			children = (
				97164C6D237ACAF100FE8816 /* Base */,
			);
			name = Main.storyboard;
			sourceTree = "<group>";
		};
		97164C71237ACAF300FE8816 /* LaunchScreen.storyboard */ = {
			isa = PBXVariantGroup;
			children = (
				97164C72237ACAF300FE8816 /* Base */,
			);
			name = LaunchScreen.storyboard;
			sourceTree = "<group>";
		};
/* End PBXVariantGroup section */

/* Begin XCBuildConfiguration section */
		97164C75237ACAF300FE8816 /* Debug */ = {
			isa = XCBuildConfiguration;
			buildSettings = {
				ALWAYS_SEARCH_USER_PATHS = NO;
				CLANG_ANALYZER_NONNULL = YES;
				CLANG_ANALYZER_NUMBER_OBJECT_CONVERSION = YES_AGGRESSIVE;
				CLANG_CXX_LANGUAGE_STANDARD = "gnu++14";
				CLANG_CXX_LIBRARY = "libc++";
				CLANG_ENABLE_MODULES = YES;
				CLANG_ENABLE_OBJC_ARC = YES;
				CLANG_ENABLE_OBJC_WEAK = YES;
				CLANG_WARN_BLOCK_CAPTURE_AUTORELEASING = YES;
				CLANG_WARN_BOOL_CONVERSION = YES;
				CLANG_WARN_COMMA = YES;
				CLANG_WARN_CONSTANT_CONVERSION = YES;
				CLANG_WARN_DEPRECATED_OBJC_IMPLEMENTATIONS = YES;
				CLANG_WARN_DIRECT_OBJC_ISA_USAGE = YES_ERROR;
				CLANG_WARN_DOCUMENTATION_COMMENTS = YES;
				CLANG_WARN_EMPTY_BODY = YES;
				CLANG_WARN_ENUM_CONVERSION = YES;
				CLANG_WARN_INFINITE_RECURSION = YES;
				CLANG_WARN_INT_CONVERSION = YES;
				CLANG_WARN_NON_LITERAL_NULL_CONVERSION = YES;
				CLANG_WARN_OBJC_IMPLICIT_RETAIN_SELF = YES;
				CLANG_WARN_OBJC_LITERAL_CONVERSION = YES;
				CLANG_WARN_OBJC_ROOT_CLASS = YES_ERROR;
				CLANG_WARN_RANGE_LOOP_ANALYSIS = YES;
				CLANG_WARN_STRICT_PROTOTYPES = YES;
				CLANG_WARN_SUSPICIOUS_MOVE = YES;
				CLANG_WARN_UNGUARDED_AVAILABILITY = YES_AGGRESSIVE;
				CLANG_WARN_UNREACHABLE_CODE = YES;
				CLANG_WARN__DUPLICATE_METHOD_MATCH = YES;
				COPY_PHASE_STRIP = NO;
				DEBUG_INFORMATION_FORMAT = dwarf;
				ENABLE_STRICT_OBJC_MSGSEND = YES;
				ENABLE_TESTABILITY = YES;
				GCC_C_LANGUAGE_STANDARD = gnu11;
				GCC_DYNAMIC_NO_PIC = NO;
				GCC_NO_COMMON_BLOCKS = YES;
				GCC_OPTIMIZATION_LEVEL = 0;
				GCC_PREPROCESSOR_DEFINITIONS = (
					"DEBUG=1",
					"$(inherited)",
				);
				GCC_WARN_64_TO_32_BIT_CONVERSION = YES;
				GCC_WARN_ABOUT_RETURN_TYPE = YES_ERROR;
				GCC_WARN_UNDECLARED_SELECTOR = YES;
				GCC_WARN_UNINITIALIZED_AUTOS = YES_AGGRESSIVE;
				GCC_WARN_UNUSED_FUNCTION = YES;
				GCC_WARN_UNUSED_VARIABLE = YES;
				IPHONEOS_DEPLOYMENT_TARGET = 13.2;
				MTL_ENABLE_DEBUG_INFO = INCLUDE_SOURCE;
				MTL_FAST_MATH = YES;
				ONLY_ACTIVE_ARCH = YES;
				SDKROOT = iphoneos;
				SWIFT_ACTIVE_COMPILATION_CONDITIONS = DEBUG;
				SWIFT_OPTIMIZATION_LEVEL = "-Onone";
			};
			name = Debug;
		};
		97164C76237ACAF300FE8816 /* Release */ = {
			isa = XCBuildConfiguration;
			buildSettings = {
				ALWAYS_SEARCH_USER_PATHS = NO;
				CLANG_ANALYZER_NONNULL = YES;
				CLANG_ANALYZER_NUMBER_OBJECT_CONVERSION = YES_AGGRESSIVE;
				CLANG_CXX_LANGUAGE_STANDARD = "gnu++14";
				CLANG_CXX_LIBRARY = "libc++";
				CLANG_ENABLE_MODULES = YES;
				CLANG_ENABLE_OBJC_ARC = YES;
				CLANG_ENABLE_OBJC_WEAK = YES;
				CLANG_WARN_BLOCK_CAPTURE_AUTORELEASING = YES;
				CLANG_WARN_BOOL_CONVERSION = YES;
				CLANG_WARN_COMMA = YES;
				CLANG_WARN_CONSTANT_CONVERSION = YES;
				CLANG_WARN_DEPRECATED_OBJC_IMPLEMENTATIONS = YES;
				CLANG_WARN_DIRECT_OBJC_ISA_USAGE = YES_ERROR;
				CLANG_WARN_DOCUMENTATION_COMMENTS = YES;
				CLANG_WARN_EMPTY_BODY = YES;
				CLANG_WARN_ENUM_CONVERSION = YES;
				CLANG_WARN_INFINITE_RECURSION = YES;
				CLANG_WARN_INT_CONVERSION = YES;
				CLANG_WARN_NON_LITERAL_NULL_CONVERSION = YES;
				CLANG_WARN_OBJC_IMPLICIT_RETAIN_SELF = YES;
				CLANG_WARN_OBJC_LITERAL_CONVERSION = YES;
				CLANG_WARN_OBJC_ROOT_CLASS = YES_ERROR;
				CLANG_WARN_RANGE_LOOP_ANALYSIS = YES;
				CLANG_WARN_STRICT_PROTOTYPES = YES;
				CLANG_WARN_SUSPICIOUS_MOVE = YES;
				CLANG_WARN_UNGUARDED_AVAILABILITY = YES_AGGRESSIVE;
				CLANG_WARN_UNREACHABLE_CODE = YES;
				CLANG_WARN__DUPLICATE_METHOD_MATCH = YES;
				COPY_PHASE_STRIP = NO;
				DEBUG_INFORMATION_FORMAT = "dwarf-with-dsym";
				ENABLE_NS_ASSERTIONS = NO;
				ENABLE_STRICT_OBJC_MSGSEND = YES;
				GCC_C_LANGUAGE_STANDARD = gnu11;
				GCC_NO_COMMON_BLOCKS = YES;
				GCC_WARN_64_TO_32_BIT_CONVERSION = YES;
				GCC_WARN_ABOUT_RETURN_TYPE = YES_ERROR;
				GCC_WARN_UNDECLARED_SELECTOR = YES;
				GCC_WARN_UNINITIALIZED_AUTOS = YES_AGGRESSIVE;
				GCC_WARN_UNUSED_FUNCTION = YES;
				GCC_WARN_UNUSED_VARIABLE = YES;
				IPHONEOS_DEPLOYMENT_TARGET = 13.2;
				MTL_ENABLE_DEBUG_INFO = NO;
				MTL_FAST_MATH = YES;
				SDKROOT = iphoneos;
				SWIFT_COMPILATION_MODE = wholemodule;
				SWIFT_OPTIMIZATION_LEVEL = "-O";
				VALIDATE_PRODUCT = YES;
			};
			name = Release;
		};
		97164C78237ACAF300FE8816 /* Debug */ = {
			isa = XCBuildConfiguration;
			buildSettings = {
				ASSETCATALOG_COMPILER_APPICON_NAME = AppIcon;
				CODE_SIGN_STYLE = Automatic;
				DEVELOPMENT_TEAM = 44YQUZU3UG;
				INFOPLIST_FILE = MovieList/Info.plist;
				IPHONEOS_DEPLOYMENT_TARGET = 13.1;
				LD_RUNPATH_SEARCH_PATHS = (
					"$(inherited)",
					"@executable_path/Frameworks",
				);
				PRODUCT_BUNDLE_IDENTIFIER = "Riga-Coding-School.MovieList";
				PRODUCT_NAME = "$(TARGET_NAME)";
				SWIFT_VERSION = 5.0;
				TARGETED_DEVICE_FAMILY = "1,2";
			};
			name = Debug;
		};
		97164C79237ACAF300FE8816 /* Release */ = {
			isa = XCBuildConfiguration;
			buildSettings = {
				ASSETCATALOG_COMPILER_APPICON_NAME = AppIcon;
				CODE_SIGN_STYLE = Automatic;
				DEVELOPMENT_TEAM = 44YQUZU3UG;
				INFOPLIST_FILE = MovieList/Info.plist;
				IPHONEOS_DEPLOYMENT_TARGET = 13.1;
				LD_RUNPATH_SEARCH_PATHS = (
					"$(inherited)",
					"@executable_path/Frameworks",
				);
				PRODUCT_BUNDLE_IDENTIFIER = "Riga-Coding-School.MovieList";
				PRODUCT_NAME = "$(TARGET_NAME)";
				SWIFT_VERSION = 5.0;
				TARGETED_DEVICE_FAMILY = "1,2";
			};
			name = Release;
		};
/* End XCBuildConfiguration section */

/* Begin XCConfigurationList section */
		97164C5E237ACAF100FE8816 /* Build configuration list for PBXProject "MovieList" */ = {
			isa = XCConfigurationList;
			buildConfigurations = (
				97164C75237ACAF300FE8816 /* Debug */,
				97164C76237ACAF300FE8816 /* Release */,
			);
			defaultConfigurationIsVisible = 0;
			defaultConfigurationName = Release;
		};
		97164C77237ACAF300FE8816 /* Build configuration list for PBXNativeTarget "MovieList" */ = {
			isa = XCConfigurationList;
			buildConfigurations = (
				97164C78237ACAF300FE8816 /* Debug */,
				97164C79237ACAF300FE8816 /* Release */,
			);
			defaultConfigurationIsVisible = 0;
			defaultConfigurationName = Release;
		};
/* End XCConfigurationList section */
	};
	rootObject = 97164C5B237ACAF100FE8816 /* Project object */;
}
